// !$*UTF8*$!
{
	archiveVersion = 1;
	classes = {
	};
	objectVersion = 56;
	objects = {

/* Begin PBXBuildFile section */
		167463A82AEB8BF4000EDD06 /* AppDelegate.swift in Sources */ = {isa = PBXBuildFile; fileRef = 167463A72AEB8BF4000EDD06 /* AppDelegate.swift */; };
		167463AA2AEB8BF4000EDD06 /* SceneDelegate.swift in Sources */ = {isa = PBXBuildFile; fileRef = 167463A92AEB8BF4000EDD06 /* SceneDelegate.swift */; };
		167463AC2AEB8BF4000EDD06 /* ViewController.swift in Sources */ = {isa = PBXBuildFile; fileRef = 167463AB2AEB8BF4000EDD06 /* ViewController.swift */; };
		167463B12AEB8BF7000EDD06 /* Assets.xcassets in Resources */ = {isa = PBXBuildFile; fileRef = 167463B02AEB8BF7000EDD06 /* Assets.xcassets */; };
		167463B42AEB8BF7000EDD06 /* LaunchScreen.storyboard in Resources */ = {isa = PBXBuildFile; fileRef = 167463B22AEB8BF7000EDD06 /* LaunchScreen.storyboard */; };
		167463BC2AEB93E6000EDD06 /* .gitignore in Resources */ = {isa = PBXBuildFile; fileRef = 167463BB2AEB93E6000EDD06 /* .gitignore */; };
		167463BE2AEB9420000EDD06 /* README.md in Resources */ = {isa = PBXBuildFile; fileRef = 167463BD2AEB9420000EDD06 /* README.md */; };
		167463C02AEBA402000EDD06 /* Podfile in Resources */ = {isa = PBXBuildFile; fileRef = 167463BF2AEBA401000EDD06 /* Podfile */; };
		66284A03652DA55DBA467B7B /* Pods_NaverMapSDK.framework in Frameworks */ = {isa = PBXBuildFile; fileRef = FB67FBF2EFC8B2D1FCC20102 /* Pods_NaverMapSDK.framework */; };
/* End PBXBuildFile section */

/* Begin PBXFileReference section */
		167463A42AEB8BF4000EDD06 /* NaverMapSDK.app */ = {isa = PBXFileReference; explicitFileType = wrapper.application; includeInIndex = 0; path = NaverMapSDK.app; sourceTree = BUILT_PRODUCTS_DIR; };
		167463A72AEB8BF4000EDD06 /* AppDelegate.swift */ = {isa = PBXFileReference; lastKnownFileType = sourcecode.swift; path = AppDelegate.swift; sourceTree = "<group>"; };
		167463A92AEB8BF4000EDD06 /* SceneDelegate.swift */ = {isa = PBXFileReference; lastKnownFileType = sourcecode.swift; path = SceneDelegate.swift; sourceTree = "<group>"; };
		167463AB2AEB8BF4000EDD06 /* ViewController.swift */ = {isa = PBXFileReference; lastKnownFileType = sourcecode.swift; path = ViewController.swift; sourceTree = "<group>"; };
		167463B02AEB8BF7000EDD06 /* Assets.xcassets */ = {isa = PBXFileReference; lastKnownFileType = folder.assetcatalog; path = Assets.xcassets; sourceTree = "<group>"; };
		167463B32AEB8BF7000EDD06 /* Base */ = {isa = PBXFileReference; lastKnownFileType = file.storyboard; name = Base; path = Base.lproj/LaunchScreen.storyboard; sourceTree = "<group>"; };
		167463B52AEB8BF7000EDD06 /* Info.plist */ = {isa = PBXFileReference; lastKnownFileType = text.plist.xml; path = Info.plist; sourceTree = "<group>"; };
		167463BB2AEB93E6000EDD06 /* .gitignore */ = {isa = PBXFileReference; lastKnownFileType = text; path = .gitignore; sourceTree = "<group>"; };
		167463BD2AEB9420000EDD06 /* README.md */ = {isa = PBXFileReference; lastKnownFileType = net.daringfireball.markdown; path = README.md; sourceTree = "<group>"; };
		167463BF2AEBA401000EDD06 /* Podfile */ = {isa = PBXFileReference; fileEncoding = 4; lastKnownFileType = text; path = Podfile; sourceTree = "<group>"; };
		43ADA0A43BBADD33C9C7884A /* Pods-NaverMapSDK.debug.xcconfig */ = {isa = PBXFileReference; includeInIndex = 1; lastKnownFileType = text.xcconfig; name = "Pods-NaverMapSDK.debug.xcconfig"; path = "Target Support Files/Pods-NaverMapSDK/Pods-NaverMapSDK.debug.xcconfig"; sourceTree = "<group>"; };
		99DB34B4A88D7EDF98BAFCD8 /* Pods-NaverMapSDK.release.xcconfig */ = {isa = PBXFileReference; includeInIndex = 1; lastKnownFileType = text.xcconfig; name = "Pods-NaverMapSDK.release.xcconfig"; path = "Target Support Files/Pods-NaverMapSDK/Pods-NaverMapSDK.release.xcconfig"; sourceTree = "<group>"; };
		FB67FBF2EFC8B2D1FCC20102 /* Pods_NaverMapSDK.framework */ = {isa = PBXFileReference; explicitFileType = wrapper.framework; includeInIndex = 0; path = Pods_NaverMapSDK.framework; sourceTree = BUILT_PRODUCTS_DIR; };
/* End PBXFileReference section */

/* Begin PBXFrameworksBuildPhase section */
		167463A12AEB8BF4000EDD06 /* Frameworks */ = {
			isa = PBXFrameworksBuildPhase;
			buildActionMask = 2147483647;
			files = (
				66284A03652DA55DBA467B7B /* Pods_NaverMapSDK.framework in Frameworks */,
			);
			runOnlyForDeploymentPostprocessing = 0;
		};
/* End PBXFrameworksBuildPhase section */

/* Begin PBXGroup section */
		1674639B2AEB8BF4000EDD06 = {
			isa = PBXGroup;
			children = (
				167463BD2AEB9420000EDD06 /* README.md */,
				167463BF2AEBA401000EDD06 /* Podfile */,
				167463BB2AEB93E6000EDD06 /* .gitignore */,
				167463A62AEB8BF4000EDD06 /* NaverMapSDK */,
				167463A52AEB8BF4000EDD06 /* Products */,
				C4D4DDAB3F449D13ECF38106 /* Pods */,
				7C9372B76D9E1B51954EBDF1 /* Frameworks */,
			);
			sourceTree = "<group>";
		};
		167463A52AEB8BF4000EDD06 /* Products */ = {
			isa = PBXGroup;
			children = (
				167463A42AEB8BF4000EDD06 /* NaverMapSDK.app */,
			);
			name = Products;
			sourceTree = "<group>";
		};
		167463A62AEB8BF4000EDD06 /* NaverMapSDK */ = {
			isa = PBXGroup;
			children = (
				167463A72AEB8BF4000EDD06 /* AppDelegate.swift */,
				167463A92AEB8BF4000EDD06 /* SceneDelegate.swift */,
				167463AB2AEB8BF4000EDD06 /* ViewController.swift */,
				167463B02AEB8BF7000EDD06 /* Assets.xcassets */,
				167463B22AEB8BF7000EDD06 /* LaunchScreen.storyboard */,
				167463B52AEB8BF7000EDD06 /* Info.plist */,
			);
			path = NaverMapSDK;
			sourceTree = "<group>";
		};
		7C9372B76D9E1B51954EBDF1 /* Frameworks */ = {
			isa = PBXGroup;
			children = (
				FB67FBF2EFC8B2D1FCC20102 /* Pods_NaverMapSDK.framework */,
			);
			name = Frameworks;
			sourceTree = "<group>";
		};
		C4D4DDAB3F449D13ECF38106 /* Pods */ = {
			isa = PBXGroup;
			children = (
				43ADA0A43BBADD33C9C7884A /* Pods-NaverMapSDK.debug.xcconfig */,
				99DB34B4A88D7EDF98BAFCD8 /* Pods-NaverMapSDK.release.xcconfig */,
			);
			path = Pods;
			sourceTree = "<group>";
		};
/* End PBXGroup section */

/* Begin PBXNativeTarget section */
		167463A32AEB8BF4000EDD06 /* NaverMapSDK */ = {
			isa = PBXNativeTarget;
			buildConfigurationList = 167463B82AEB8BF7000EDD06 /* Build configuration list for PBXNativeTarget "NaverMapSDK" */;
			buildPhases = (
				76BAAB7DBD245B3B1B2ED667 /* [CP] Check Pods Manifest.lock */,
				167463A02AEB8BF4000EDD06 /* Sources */,
				167463A12AEB8BF4000EDD06 /* Frameworks */,
				167463A22AEB8BF4000EDD06 /* Resources */,
				1FB48DC02F9A7200606993C2 /* [CP] Embed Pods Frameworks */,
			);
			buildRules = (
			);
			dependencies = (
			);
			name = NaverMapSDK;
			productName = NaverMapSDK;
			productReference = 167463A42AEB8BF4000EDD06 /* NaverMapSDK.app */;
			productType = "com.apple.product-type.application";
		};
/* End PBXNativeTarget section */

/* Begin PBXProject section */
		1674639C2AEB8BF4000EDD06 /* Project object */ = {
			isa = PBXProject;
			attributes = {
				BuildIndependentTargetsInParallel = 1;
				LastSwiftUpdateCheck = 1500;
				LastUpgradeCheck = 1500;
				TargetAttributes = {
					167463A32AEB8BF4000EDD06 = {
						CreatedOnToolsVersion = 15.0.1;
					};
				};
			};
			buildConfigurationList = 1674639F2AEB8BF4000EDD06 /* Build configuration list for PBXProject "NaverMapSDK" */;
			compatibilityVersion = "Xcode 14.0";
			developmentRegion = en;
			hasScannedForEncodings = 0;
			knownRegions = (
				en,
				Base,
			);
			mainGroup = 1674639B2AEB8BF4000EDD06;
			productRefGroup = 167463A52AEB8BF4000EDD06 /* Products */;
			projectDirPath = "";
			projectRoot = "";
			targets = (
				167463A32AEB8BF4000EDD06 /* NaverMapSDK */,
			);
		};
/* End PBXProject section */

/* Begin PBXResourcesBuildPhase section */
		167463A22AEB8BF4000EDD06 /* Resources */ = {
			isa = PBXResourcesBuildPhase;
			buildActionMask = 2147483647;
			files = (
				167463C02AEBA402000EDD06 /* Podfile in Resources */,
				167463B42AEB8BF7000EDD06 /* LaunchScreen.storyboard in Resources */,
				167463BC2AEB93E6000EDD06 /* .gitignore in Resources */,
				167463BE2AEB9420000EDD06 /* README.md in Resources */,
				167463B12AEB8BF7000EDD06 /* Assets.xcassets in Resources */,
			);
			runOnlyForDeploymentPostprocessing = 0;
		};
/* End PBXResourcesBuildPhase section */

/* Begin PBXShellScriptBuildPhase section */
		1FB48DC02F9A7200606993C2 /* [CP] Embed Pods Frameworks */ = {
			isa = PBXShellScriptBuildPhase;
			buildActionMask = 2147483647;
			files = (
			);
			inputFileListPaths = (
				"${PODS_ROOT}/Target Support Files/Pods-NaverMapSDK/Pods-NaverMapSDK-frameworks-${CONFIGURATION}-input-files.xcfilelist",
			);
			name = "[CP] Embed Pods Frameworks";
			outputFileListPaths = (
				"${PODS_ROOT}/Target Support Files/Pods-NaverMapSDK/Pods-NaverMapSDK-frameworks-${CONFIGURATION}-output-files.xcfilelist",
			);
			runOnlyForDeploymentPostprocessing = 0;
			shellPath = /bin/sh;
			shellScript = "\"${PODS_ROOT}/Target Support Files/Pods-NaverMapSDK/Pods-NaverMapSDK-frameworks.sh\"\n";
			showEnvVarsInLog = 0;
		};
		76BAAB7DBD245B3B1B2ED667 /* [CP] Check Pods Manifest.lock */ = {
			isa = PBXShellScriptBuildPhase;
			buildActionMask = 2147483647;
			files = (
			);
			inputFileListPaths = (
			);
			inputPaths = (
				"${PODS_PODFILE_DIR_PATH}/Podfile.lock",
				"${PODS_ROOT}/Manifest.lock",
			);
			name = "[CP] Check Pods Manifest.lock";
			outputFileListPaths = (
			);
			outputPaths = (
				"$(DERIVED_FILE_DIR)/Pods-NaverMapSDK-checkManifestLockResult.txt",
			);
			runOnlyForDeploymentPostprocessing = 0;
			shellPath = /bin/sh;
			shellScript = "diff \"${PODS_PODFILE_DIR_PATH}/Podfile.lock\" \"${PODS_ROOT}/Manifest.lock\" > /dev/null\nif [ $? != 0 ] ; then\n    # print error to STDERR\n    echo \"error: The sandbox is not in sync with the Podfile.lock. Run 'pod install' or update your CocoaPods installation.\" >&2\n    exit 1\nfi\n# This output is used by Xcode 'outputs' to avoid re-running this script phase.\necho \"SUCCESS\" > \"${SCRIPT_OUTPUT_FILE_0}\"\n";
			showEnvVarsInLog = 0;
		};
/* End PBXShellScriptBuildPhase section */

/* Begin PBXSourcesBuildPhase section */
		167463A02AEB8BF4000EDD06 /* Sources */ = {
			isa = PBXSourcesBuildPhase;
			buildActionMask = 2147483647;
			files = (
				167463AC2AEB8BF4000EDD06 /* ViewController.swift in Sources */,
				167463A82AEB8BF4000EDD06 /* AppDelegate.swift in Sources */,
				167463AA2AEB8BF4000EDD06 /* SceneDelegate.swift in Sources */,
			);
			runOnlyForDeploymentPostprocessing = 0;
		};
/* End PBXSourcesBuildPhase section */

/* Begin PBXVariantGroup section */
		167463B22AEB8BF7000EDD06 /* LaunchScreen.storyboard */ = {
			isa = PBXVariantGroup;
			children = (
				167463B32AEB8BF7000EDD06 /* Base */,
			);
			name = LaunchScreen.storyboard;
			sourceTree = "<group>";
		};
/* End PBXVariantGroup section */

/* Begin XCBuildConfiguration section */
		167463B62AEB8BF7000EDD06 /* Debug */ = {
			isa = XCBuildConfiguration;
			buildSettings = {
				ALWAYS_SEARCH_USER_PATHS = NO;
				ASSETCATALOG_COMPILER_GENERATE_SWIFT_ASSET_SYMBOL_EXTENSIONS = YES;
				CLANG_ANALYZER_NONNULL = YES;
				CLANG_ANALYZER_NUMBER_OBJECT_CONVERSION = YES_AGGRESSIVE;
				CLANG_CXX_LANGUAGE_STANDARD = "gnu++20";
				CLANG_ENABLE_MODULES = YES;
				CLANG_ENABLE_OBJC_ARC = YES;
				CLANG_ENABLE_OBJC_WEAK = YES;
				CLANG_WARN_BLOCK_CAPTURE_AUTORELEASING = YES;
				CLANG_WARN_BOOL_CONVERSION = YES;
				CLANG_WARN_COMMA = YES;
				CLANG_WARN_CONSTANT_CONVERSION = YES;
				CLANG_WARN_DEPRECATED_OBJC_IMPLEMENTATIONS = YES;
				CLANG_WARN_DIRECT_OBJC_ISA_USAGE = YES_ERROR;
				CLANG_WARN_DOCUMENTATION_COMMENTS = YES;
				CLANG_WARN_EMPTY_BODY = YES;
				CLANG_WARN_ENUM_CONVERSION = YES;
				CLANG_WARN_INFINITE_RECURSION = YES;
				CLANG_WARN_INT_CONVERSION = YES;
				CLANG_WARN_NON_LITERAL_NULL_CONVERSION = YES;
				CLANG_WARN_OBJC_IMPLICIT_RETAIN_SELF = YES;
				CLANG_WARN_OBJC_LITERAL_CONVERSION = YES;
				CLANG_WARN_OBJC_ROOT_CLASS = YES_ERROR;
				CLANG_WARN_QUOTED_INCLUDE_IN_FRAMEWORK_HEADER = YES;
				CLANG_WARN_RANGE_LOOP_ANALYSIS = YES;
				CLANG_WARN_STRICT_PROTOTYPES = YES;
				CLANG_WARN_SUSPICIOUS_MOVE = YES;
				CLANG_WARN_UNGUARDED_AVAILABILITY = YES_AGGRESSIVE;
				CLANG_WARN_UNREACHABLE_CODE = YES;
				CLANG_WARN__DUPLICATE_METHOD_MATCH = YES;
				COPY_PHASE_STRIP = NO;
				DEBUG_INFORMATION_FORMAT = dwarf;
				ENABLE_STRICT_OBJC_MSGSEND = YES;
				ENABLE_TESTABILITY = YES;
				ENABLE_USER_SCRIPT_SANDBOXING = NO;
				GCC_C_LANGUAGE_STANDARD = gnu17;
				GCC_DYNAMIC_NO_PIC = NO;
				GCC_NO_COMMON_BLOCKS = YES;
				GCC_OPTIMIZATION_LEVEL = 0;
				GCC_PREPROCESSOR_DEFINITIONS = (
					"DEBUG=1",
					"$(inherited)",
				);
				GCC_WARN_64_TO_32_BIT_CONVERSION = YES;
				GCC_WARN_ABOUT_RETURN_TYPE = YES_ERROR;
				GCC_WARN_UNDECLARED_SELECTOR = YES;
				GCC_WARN_UNINITIALIZED_AUTOS = YES_AGGRESSIVE;
				GCC_WARN_UNUSED_FUNCTION = YES;
				GCC_WARN_UNUSED_VARIABLE = YES;
				IPHONEOS_DEPLOYMENT_TARGET = 17.0;
				LOCALIZATION_PREFERS_STRING_CATALOGS = YES;
				MTL_ENABLE_DEBUG_INFO = INCLUDE_SOURCE;
				MTL_FAST_MATH = YES;
				ONLY_ACTIVE_ARCH = YES;
				SDKROOT = iphoneos;
				SWIFT_ACTIVE_COMPILATION_CONDITIONS = "DEBUG $(inherited)";
				SWIFT_OPTIMIZATION_LEVEL = "-Onone";
			};
			name = Debug;
		};
		167463B72AEB8BF7000EDD06 /* Release */ = {
			isa = XCBuildConfiguration;
			buildSettings = {
				ALWAYS_SEARCH_USER_PATHS = NO;
				ASSETCATALOG_COMPILER_GENERATE_SWIFT_ASSET_SYMBOL_EXTENSIONS = YES;
				CLANG_ANALYZER_NONNULL = YES;
				CLANG_ANALYZER_NUMBER_OBJECT_CONVERSION = YES_AGGRESSIVE;
				CLANG_CXX_LANGUAGE_STANDARD = "gnu++20";
				CLANG_ENABLE_MODULES = YES;
				CLANG_ENABLE_OBJC_ARC = YES;
				CLANG_ENABLE_OBJC_WEAK = YES;
				CLANG_WARN_BLOCK_CAPTURE_AUTORELEASING = YES;
				CLANG_WARN_BOOL_CONVERSION = YES;
				CLANG_WARN_COMMA = YES;
				CLANG_WARN_CONSTANT_CONVERSION = YES;
				CLANG_WARN_DEPRECATED_OBJC_IMPLEMENTATIONS = YES;
				CLANG_WARN_DIRECT_OBJC_ISA_USAGE = YES_ERROR;
				CLANG_WARN_DOCUMENTATION_COMMENTS = YES;
				CLANG_WARN_EMPTY_BODY = YES;
				CLANG_WARN_ENUM_CONVERSION = YES;
				CLANG_WARN_INFINITE_RECURSION = YES;
				CLANG_WARN_INT_CONVERSION = YES;
				CLANG_WARN_NON_LITERAL_NULL_CONVERSION = YES;
				CLANG_WARN_OBJC_IMPLICIT_RETAIN_SELF = YES;
				CLANG_WARN_OBJC_LITERAL_CONVERSION = YES;
				CLANG_WARN_OBJC_ROOT_CLASS = YES_ERROR;
				CLANG_WARN_QUOTED_INCLUDE_IN_FRAMEWORK_HEADER = YES;
				CLANG_WARN_RANGE_LOOP_ANALYSIS = YES;
				CLANG_WARN_STRICT_PROTOTYPES = YES;
				CLANG_WARN_SUSPICIOUS_MOVE = YES;
				CLANG_WARN_UNGUARDED_AVAILABILITY = YES_AGGRESSIVE;
				CLANG_WARN_UNREACHABLE_CODE = YES;
				CLANG_WARN__DUPLICATE_METHOD_MATCH = YES;
				COPY_PHASE_STRIP = NO;
				DEBUG_INFORMATION_FORMAT = "dwarf-with-dsym";
				ENABLE_NS_ASSERTIONS = NO;
				ENABLE_STRICT_OBJC_MSGSEND = YES;
				ENABLE_USER_SCRIPT_SANDBOXING = NO;
				GCC_C_LANGUAGE_STANDARD = gnu17;
				GCC_NO_COMMON_BLOCKS = YES;
				GCC_WARN_64_TO_32_BIT_CONVERSION = YES;
				GCC_WARN_ABOUT_RETURN_TYPE = YES_ERROR;
				GCC_WARN_UNDECLARED_SELECTOR = YES;
				GCC_WARN_UNINITIALIZED_AUTOS = YES_AGGRESSIVE;
				GCC_WARN_UNUSED_FUNCTION = YES;
				GCC_WARN_UNUSED_VARIABLE = YES;
				IPHONEOS_DEPLOYMENT_TARGET = 17.0;
				LOCALIZATION_PREFERS_STRING_CATALOGS = YES;
				MTL_ENABLE_DEBUG_INFO = NO;
				MTL_FAST_MATH = YES;
				SDKROOT = iphoneos;
				SWIFT_COMPILATION_MODE = wholemodule;
				VALIDATE_PRODUCT = YES;
			};
			name = Release;
		};
		167463B92AEB8BF7000EDD06 /* Debug */ = {
			isa = XCBuildConfiguration;
			baseConfigurationReference = 43ADA0A43BBADD33C9C7884A /* Pods-NaverMapSDK.debug.xcconfig */;
			buildSettings = {
				ASSETCATALOG_COMPILER_APPICON_NAME = AppIcon;
				ASSETCATALOG_COMPILER_GLOBAL_ACCENT_COLOR_NAME = AccentColor;
				CODE_SIGN_STYLE = Automatic;
				CURRENT_PROJECT_VERSION = 1;
				DEVELOPMENT_TEAM = F6YW6L8F8N;
				GENERATE_INFOPLIST_FILE = YES;
				INFOPLIST_FILE = NaverMapSDK/Info.plist;
				INFOPLIST_KEY_UIApplicationSupportsIndirectInputEvents = YES;
				INFOPLIST_KEY_UILaunchStoryboardName = LaunchScreen;
				INFOPLIST_KEY_UIStatusBarStyle = "";
				INFOPLIST_KEY_UISupportedInterfaceOrientations_iPad = "UIInterfaceOrientationPortrait UIInterfaceOrientationPortraitUpsideDown UIInterfaceOrientationLandscapeLeft UIInterfaceOrientationLandscapeRight";
				INFOPLIST_KEY_UISupportedInterfaceOrientations_iPhone = "UIInterfaceOrientationPortrait UIInterfaceOrientationLandscapeLeft UIInterfaceOrientationLandscapeRight";
				LD_RUNPATH_SEARCH_PATHS = (
					"$(inherited)",
					"@executable_path/Frameworks",
				);
				MARKETING_VERSION = 1.0;
				PRODUCT_BUNDLE_IDENTIFIER = study.NaverMapSDK;
				PRODUCT_NAME = "$(TARGET_NAME)";
				SWIFT_EMIT_LOC_STRINGS = YES;
				SWIFT_VERSION = 5.0;
				TARGETED_DEVICE_FAMILY = "1,2";
			};
			name = Debug;
		};
		167463BA2AEB8BF7000EDD06 /* Release */ = {
			isa = XCBuildConfiguration;
			baseConfigurationReference = 99DB34B4A88D7EDF98BAFCD8 /* Pods-NaverMapSDK.release.xcconfig */;
			buildSettings = {
				ASSETCATALOG_COMPILER_APPICON_NAME = AppIcon;
				ASSETCATALOG_COMPILER_GLOBAL_ACCENT_COLOR_NAME = AccentColor;
				CODE_SIGN_STYLE = Automatic;
				CURRENT_PROJECT_VERSION = 1;
				DEVELOPMENT_TEAM = F6YW6L8F8N;
				GENERATE_INFOPLIST_FILE = YES;
				INFOPLIST_FILE = NaverMapSDK/Info.plist;
				INFOPLIST_KEY_UIApplicationSupportsIndirectInputEvents = YES;
				INFOPLIST_KEY_UILaunchStoryboardName = LaunchScreen;
				INFOPLIST_KEY_UIStatusBarStyle = "";
				INFOPLIST_KEY_UISupportedInterfaceOrientations_iPad = "UIInterfaceOrientationPortrait UIInterfaceOrientationPortraitUpsideDown UIInterfaceOrientationLandscapeLeft UIInterfaceOrientationLandscapeRight";
				INFOPLIST_KEY_UISupportedInterfaceOrientations_iPhone = "UIInterfaceOrientationPortrait UIInterfaceOrientationLandscapeLeft UIInterfaceOrientationLandscapeRight";
				LD_RUNPATH_SEARCH_PATHS = (
					"$(inherited)",
					"@executable_path/Frameworks",
				);
				MARKETING_VERSION = 1.0;
				PRODUCT_BUNDLE_IDENTIFIER = study.NaverMapSDK;
				PRODUCT_NAME = "$(TARGET_NAME)";
				SWIFT_EMIT_LOC_STRINGS = YES;
				SWIFT_VERSION = 5.0;
				TARGETED_DEVICE_FAMILY = "1,2";
			};
			name = Release;
		};
/* End XCBuildConfiguration section */

/* Begin XCConfigurationList section */
		1674639F2AEB8BF4000EDD06 /* Build configuration list for PBXProject "NaverMapSDK" */ = {
			isa = XCConfigurationList;
			buildConfigurations = (
				167463B62AEB8BF7000EDD06 /* Debug */,
				167463B72AEB8BF7000EDD06 /* Release */,
			);
			defaultConfigurationIsVisible = 0;
			defaultConfigurationName = Release;
		};
		167463B82AEB8BF7000EDD06 /* Build configuration list for PBXNativeTarget "NaverMapSDK" */ = {
			isa = XCConfigurationList;
			buildConfigurations = (
				167463B92AEB8BF7000EDD06 /* Debug */,
				167463BA2AEB8BF7000EDD06 /* Release */,
			);
			defaultConfigurationIsVisible = 0;
			defaultConfigurationName = Release;
		};
/* End XCConfigurationList section */
	};
	rootObject = 1674639C2AEB8BF4000EDD06 /* Project object */;
}
